// !$*UTF8*$!
{
	archiveVersion = 1;
	classes = {
	};
	objectVersion = 46;
	objects = {

/* Begin PBXBuildFile section */
		C28665CB1F0B549F00E9DCB4 /* AppDelegate.swift in Sources */ = {isa = PBXBuildFile; fileRef = C28665CA1F0B549F00E9DCB4 /* AppDelegate.swift */; };
		C28665CD1F0B549F00E9DCB4 /* ViewController.swift in Sources */ = {isa = PBXBuildFile; fileRef = C28665CC1F0B549F00E9DCB4 /* ViewController.swift */; };
		C28665D01F0B549F00E9DCB4 /* Main.storyboard in Resources */ = {isa = PBXBuildFile; fileRef = C28665CE1F0B549F00E9DCB4 /* Main.storyboard */; };
		C28665D21F0B549F00E9DCB4 /* Assets.xcassets in Resources */ = {isa = PBXBuildFile; fileRef = C28665D11F0B549F00E9DCB4 /* Assets.xcassets */; };
		C28665D51F0B549F00E9DCB4 /* LaunchScreen.storyboard in Resources */ = {isa = PBXBuildFile; fileRef = C28665D31F0B549F00E9DCB4 /* LaunchScreen.storyboard */; };
		C28665DD1F0B557C00E9DCB4 /* ExpandableCollectionViewCell.swift in Sources */ = {isa = PBXBuildFile; fileRef = C28665DC1F0B557C00E9DCB4 /* ExpandableCollectionViewCell.swift */; };
		C28665DF1F0B577F00E9DCB4 /* BoringLayout.swift in Sources */ = {isa = PBXBuildFile; fileRef = C28665DE1F0B577F00E9DCB4 /* BoringLayout.swift */; };
/* End PBXBuildFile section */

/* Begin PBXFileReference section */
		C28665C71F0B549F00E9DCB4 /* CollectionView.app */ = {isa = PBXFileReference; explicitFileType = wrapper.application; includeInIndex = 0; path = CollectionView.app; sourceTree = BUILT_PRODUCTS_DIR; };
		C28665CA1F0B549F00E9DCB4 /* AppDelegate.swift */ = {isa = PBXFileReference; lastKnownFileType = sourcecode.swift; path = AppDelegate.swift; sourceTree = "<group>"; };
		C28665CC1F0B549F00E9DCB4 /* ViewController.swift */ = {isa = PBXFileReference; lastKnownFileType = sourcecode.swift; path = ViewController.swift; sourceTree = "<group>"; };
		C28665CF1F0B549F00E9DCB4 /* Base */ = {isa = PBXFileReference; lastKnownFileType = file.storyboard; name = Base; path = Base.lproj/Main.storyboard; sourceTree = "<group>"; };
		C28665D11F0B549F00E9DCB4 /* Assets.xcassets */ = {isa = PBXFileReference; lastKnownFileType = folder.assetcatalog; path = Assets.xcassets; sourceTree = "<group>"; };
		C28665D41F0B549F00E9DCB4 /* Base */ = {isa = PBXFileReference; lastKnownFileType = file.storyboard; name = Base; path = Base.lproj/LaunchScreen.storyboard; sourceTree = "<group>"; };
		C28665D61F0B549F00E9DCB4 /* Info.plist */ = {isa = PBXFileReference; lastKnownFileType = text.plist.xml; path = Info.plist; sourceTree = "<group>"; };
		C28665DC1F0B557C00E9DCB4 /* ExpandableCollectionViewCell.swift */ = {isa = PBXFileReference; fileEncoding = 4; lastKnownFileType = sourcecode.swift; path = ExpandableCollectionViewCell.swift; sourceTree = "<group>"; };
		C28665DE1F0B577F00E9DCB4 /* BoringLayout.swift */ = {isa = PBXFileReference; fileEncoding = 4; lastKnownFileType = sourcecode.swift; path = BoringLayout.swift; sourceTree = "<group>"; };
/* End PBXFileReference section */

/* Begin PBXFrameworksBuildPhase section */
		C28665C41F0B549F00E9DCB4 /* Frameworks */ = {
			isa = PBXFrameworksBuildPhase;
			buildActionMask = 2147483647;
			files = (
			);
			runOnlyForDeploymentPostprocessing = 0;
		};
/* End PBXFrameworksBuildPhase section */

/* Begin PBXGroup section */
		C28665BE1F0B549F00E9DCB4 = {
			isa = PBXGroup;
			children = (
				C28665C91F0B549F00E9DCB4 /* CollectionView */,
				C28665C81F0B549F00E9DCB4 /* Products */,
			);
			sourceTree = "<group>";
		};
		C28665C81F0B549F00E9DCB4 /* Products */ = {
			isa = PBXGroup;
			children = (
				C28665C71F0B549F00E9DCB4 /* CollectionView.app */,
			);
			name = Products;
			sourceTree = "<group>";
		};
		C28665C91F0B549F00E9DCB4 /* CollectionView */ = {
			isa = PBXGroup;
			children = (
				C28665CA1F0B549F00E9DCB4 /* AppDelegate.swift */,
				C28665CC1F0B549F00E9DCB4 /* ViewController.swift */,
				C28665DC1F0B557C00E9DCB4 /* ExpandableCollectionViewCell.swift */,
				C28665DE1F0B577F00E9DCB4 /* BoringLayout.swift */,
				C28665CE1F0B549F00E9DCB4 /* Main.storyboard */,
				C28665D11F0B549F00E9DCB4 /* Assets.xcassets */,
				C28665D31F0B549F00E9DCB4 /* LaunchScreen.storyboard */,
				C28665D61F0B549F00E9DCB4 /* Info.plist */,
			);
			path = CollectionView;
			sourceTree = "<group>";
		};
/* End PBXGroup section */

/* Begin PBXNativeTarget section */
		C28665C61F0B549F00E9DCB4 /* CollectionView */ = {
			isa = PBXNativeTarget;
			buildConfigurationList = C28665D91F0B549F00E9DCB4 /* Build configuration list for PBXNativeTarget "CollectionView" */;
			buildPhases = (
				C28665C31F0B549F00E9DCB4 /* Sources */,
				C28665C41F0B549F00E9DCB4 /* Frameworks */,
				C28665C51F0B549F00E9DCB4 /* Resources */,
			);
			buildRules = (
			);
			dependencies = (
			);
			name = CollectionView;
			productName = CollectionView;
			productReference = C28665C71F0B549F00E9DCB4 /* CollectionView.app */;
			productType = "com.apple.product-type.application";
		};
/* End PBXNativeTarget section */

/* Begin PBXProject section */
		C28665BF1F0B549F00E9DCB4 /* Project object */ = {
			isa = PBXProject;
			attributes = {
				LastSwiftUpdateCheck = 0830;
				LastUpgradeCheck = 0830;
				ORGANIZATIONNAME = "eBay Inc.";
				TargetAttributes = {
					C28665C61F0B549F00E9DCB4 = {
						CreatedOnToolsVersion = 8.3.3;
						ProvisioningStyle = Automatic;
					};
				};
			};
			buildConfigurationList = C28665C21F0B549F00E9DCB4 /* Build configuration list for PBXProject "CollectionView" */;
			compatibilityVersion = "Xcode 3.2";
			developmentRegion = English;
			hasScannedForEncodings = 0;
			knownRegions = (
				en,
				Base,
			);
			mainGroup = C28665BE1F0B549F00E9DCB4;
			productRefGroup = C28665C81F0B549F00E9DCB4 /* Products */;
			projectDirPath = "";
			projectRoot = "";
			targets = (
				C28665C61F0B549F00E9DCB4 /* CollectionView */,
			);
		};
/* End PBXProject section */

/* Begin PBXResourcesBuildPhase section */
		C28665C51F0B549F00E9DCB4 /* Resources */ = {
			isa = PBXResourcesBuildPhase;
			buildActionMask = 2147483647;
			files = (
				C28665D51F0B549F00E9DCB4 /* LaunchScreen.storyboard in Resources */,
				C28665D21F0B549F00E9DCB4 /* Assets.xcassets in Resources */,
				C28665D01F0B549F00E9DCB4 /* Main.storyboard in Resources */,
			);
			runOnlyForDeploymentPostprocessing = 0;
		};
/* End PBXResourcesBuildPhase section */

/* Begin PBXSourcesBuildPhase section */
		C28665C31F0B549F00E9DCB4 /* Sources */ = {
			isa = PBXSourcesBuildPhase;
			buildActionMask = 2147483647;
			files = (
				C28665DF1F0B577F00E9DCB4 /* BoringLayout.swift in Sources */,
				C28665DD1F0B557C00E9DCB4 /* ExpandableCollectionViewCell.swift in Sources */,
				C28665CD1F0B549F00E9DCB4 /* ViewController.swift in Sources */,
				C28665CB1F0B549F00E9DCB4 /* AppDelegate.swift in Sources */,
			);
			runOnlyForDeploymentPostprocessing = 0;
		};
/* End PBXSourcesBuildPhase section */

/* Begin PBXVariantGroup section */
		C28665CE1F0B549F00E9DCB4 /* Main.storyboard */ = {
			isa = PBXVariantGroup;
			children = (
				C28665CF1F0B549F00E9DCB4 /* Base */,
			);
			name = Main.storyboard;
			sourceTree = "<group>";
		};
		C28665D31F0B549F00E9DCB4 /* LaunchScreen.storyboard */ = {
			isa = PBXVariantGroup;
			children = (
				C28665D41F0B549F00E9DCB4 /* Base */,
			);
			name = LaunchScreen.storyboard;
			sourceTree = "<group>";
		};
/* End PBXVariantGroup section */

/* Begin XCBuildConfiguration section */
		C28665D71F0B549F00E9DCB4 /* Debug */ = {
			isa = XCBuildConfiguration;
			buildSettings = {
				ALWAYS_SEARCH_USER_PATHS = NO;
				CLANG_ANALYZER_NONNULL = YES;
				CLANG_ANALYZER_NUMBER_OBJECT_CONVERSION = YES_AGGRESSIVE;
				CLANG_CXX_LANGUAGE_STANDARD = "gnu++0x";
				CLANG_CXX_LIBRARY = "libc++";
				CLANG_ENABLE_MODULES = YES;
				CLANG_ENABLE_OBJC_ARC = YES;
				CLANG_WARN_BOOL_CONVERSION = YES;
				CLANG_WARN_CONSTANT_CONVERSION = YES;
				CLANG_WARN_DIRECT_OBJC_ISA_USAGE = YES_ERROR;
				CLANG_WARN_DOCUMENTATION_COMMENTS = YES;
				CLANG_WARN_EMPTY_BODY = YES;
				CLANG_WARN_ENUM_CONVERSION = YES;
				CLANG_WARN_INFINITE_RECURSION = YES;
				CLANG_WARN_INT_CONVERSION = YES;
				CLANG_WARN_OBJC_ROOT_CLASS = YES_ERROR;
				CLANG_WARN_SUSPICIOUS_MOVE = YES;
				CLANG_WARN_UNREACHABLE_CODE = YES;
				CLANG_WARN__DUPLICATE_METHOD_MATCH = YES;
				"CODE_SIGN_IDENTITY[sdk=iphoneos*]" = "iPhone Developer";
				COPY_PHASE_STRIP = NO;
				DEBUG_INFORMATION_FORMAT = dwarf;
				ENABLE_STRICT_OBJC_MSGSEND = YES;
				ENABLE_TESTABILITY = YES;
				GCC_C_LANGUAGE_STANDARD = gnu99;
				GCC_DYNAMIC_NO_PIC = NO;
				GCC_NO_COMMON_BLOCKS = YES;
				GCC_OPTIMIZATION_LEVEL = 0;
				GCC_PREPROCESSOR_DEFINITIONS = (
					"DEBUG=1",
					"$(inherited)",
				);
				GCC_WARN_64_TO_32_BIT_CONVERSION = YES;
				GCC_WARN_ABOUT_RETURN_TYPE = YES_ERROR;
				GCC_WARN_UNDECLARED_SELECTOR = YES;
				GCC_WARN_UNINITIALIZED_AUTOS = YES_AGGRESSIVE;
				GCC_WARN_UNUSED_FUNCTION = YES;
				GCC_WARN_UNUSED_VARIABLE = YES;
				IPHONEOS_DEPLOYMENT_TARGET = 10.3;
				MTL_ENABLE_DEBUG_INFO = YES;
				ONLY_ACTIVE_ARCH = YES;
				SDKROOT = iphoneos;
				SWIFT_ACTIVE_COMPILATION_CONDITIONS = DEBUG;
				SWIFT_OPTIMIZATION_LEVEL = "-Onone";
			};
			name = Debug;
		};
		C28665D81F0B549F00E9DCB4 /* Release */ = {
			isa = XCBuildConfiguration;
			buildSettings = {
				ALWAYS_SEARCH_USER_PATHS = NO;
				CLANG_ANALYZER_NONNULL = YES;
				CLANG_ANALYZER_NUMBER_OBJECT_CONVERSION = YES_AGGRESSIVE;
				CLANG_CXX_LANGUAGE_STANDARD = "gnu++0x";
				CLANG_CXX_LIBRARY = "libc++";
				CLANG_ENABLE_MODULES = YES;
				CLANG_ENABLE_OBJC_ARC = YES;
				CLANG_WARN_BOOL_CONVERSION = YES;
				CLANG_WARN_CONSTANT_CONVERSION = YES;
				CLANG_WARN_DIRECT_OBJC_ISA_USAGE = YES_ERROR;
				CLANG_WARN_DOCUMENTATION_COMMENTS = YES;
				CLANG_WARN_EMPTY_BODY = YES;
				CLANG_WARN_ENUM_CONVERSION = YES;
				CLANG_WARN_INFINITE_RECURSION = YES;
				CLANG_WARN_INT_CONVERSION = YES;
				CLANG_WARN_OBJC_ROOT_CLASS = YES_ERROR;
				CLANG_WARN_SUSPICIOUS_MOVE = YES;
				CLANG_WARN_UNREACHABLE_CODE = YES;
				CLANG_WARN__DUPLICATE_METHOD_MATCH = YES;
				"CODE_SIGN_IDENTITY[sdk=iphoneos*]" = "iPhone Developer";
				COPY_PHASE_STRIP = NO;
				DEBUG_INFORMATION_FORMAT = "dwarf-with-dsym";
				ENABLE_NS_ASSERTIONS = NO;
				ENABLE_STRICT_OBJC_MSGSEND = YES;
				GCC_C_LANGUAGE_STANDARD = gnu99;
				GCC_NO_COMMON_BLOCKS = YES;
				GCC_WARN_64_TO_32_BIT_CONVERSION = YES;
				GCC_WARN_ABOUT_RETURN_TYPE = YES_ERROR;
				GCC_WARN_UNDECLARED_SELECTOR = YES;
				GCC_WARN_UNINITIALIZED_AUTOS = YES_AGGRESSIVE;
				GCC_WARN_UNUSED_FUNCTION = YES;
				GCC_WARN_UNUSED_VARIABLE = YES;
				IPHONEOS_DEPLOYMENT_TARGET = 10.3;
				MTL_ENABLE_DEBUG_INFO = NO;
				SDKROOT = iphoneos;
				SWIFT_OPTIMIZATION_LEVEL = "-Owholemodule";
				VALIDATE_PRODUCT = YES;
			};
			name = Release;
		};
		C28665DA1F0B549F00E9DCB4 /* Debug */ = {
			isa = XCBuildConfiguration;
			buildSettings = {
				ASSETCATALOG_COMPILER_APPICON_NAME = AppIcon;
				INFOPLIST_FILE = CollectionView/Info.plist;
				LD_RUNPATH_SEARCH_PATHS = "$(inherited) @executable_path/Frameworks";
				PRODUCT_BUNDLE_IDENTIFIER = com.CollectionView;
				PRODUCT_NAME = "$(TARGET_NAME)";
				SWIFT_VERSION = 3.0;
			};
			name = Debug;
		};
		C28665DB1F0B549F00E9DCB4 /* Release */ = {
			isa = XCBuildConfiguration;
			buildSettings = {
				ASSETCATALOG_COMPILER_APPICON_NAME = AppIcon;
				INFOPLIST_FILE = CollectionView/Info.plist;
				LD_RUNPATH_SEARCH_PATHS = "$(inherited) @executable_path/Frameworks";
				PRODUCT_BUNDLE_IDENTIFIER = com.CollectionView;
				PRODUCT_NAME = "$(TARGET_NAME)";
				SWIFT_VERSION = 3.0;
			};
			name = Release;
		};
/* End XCBuildConfiguration section */

/* Begin XCConfigurationList section */
		C28665C21F0B549F00E9DCB4 /* Build configuration list for PBXProject "CollectionView" */ = {
			isa = XCConfigurationList;
			buildConfigurations = (
				C28665D71F0B549F00E9DCB4 /* Debug */,
				C28665D81F0B549F00E9DCB4 /* Release */,
			);
			defaultConfigurationIsVisible = 0;
			defaultConfigurationName = Release;
		};
		C28665D91F0B549F00E9DCB4 /* Build configuration list for PBXNativeTarget "CollectionView" */ = {
			isa = XCConfigurationList;
			buildConfigurations = (
				C28665DA1F0B549F00E9DCB4 /* Debug */,
				C28665DB1F0B549F00E9DCB4 /* Release */,
			);
			defaultConfigurationIsVisible = 0;
		};
/* End XCConfigurationList section */
	};
	rootObject = C28665BF1F0B549F00E9DCB4 /* Project object */;
}
